
Microsoft Visual Studio Solution File, Format Version 12.00
# Visual Studio Version 16
VisualStudioVersion = 16.0.30523.141
MinimumVisualStudioVersion = 10.0.40219.1
Project("{9A19103F-16F7-4668-BE54-9A1E7A4F7556}") = "ContmanTask", "ContmanTask\ContmanTask.csproj", "{B698CF23-C630-493C-852F-54FAA0828C4D}"
EndProject
Project("{FAE04EC0-301F-11D3-BF4B-00C04F79EFBC}") = "ContmanTaskTests", "ContmanTaskTests\ContmanTaskTests.csproj", "{D70C2C1E-1DCA-47BC-89F9-C32494AB69BC}"
EndProject
Global
	GlobalSection(SolutionConfigurationPlatforms) = preSolution
		Debug|Any CPU = Debug|Any CPU
		Release|Any CPU = Release|Any CPU
	EndGlobalSection
	GlobalSection(ProjectConfigurationPlatforms) = postSolution
		{B698CF23-C630-493C-852F-54FAA0828C4D}.Debug|Any CPU.ActiveCfg = Debug|Any CPU
		{B698CF23-C630-493C-852F-54FAA0828C4D}.Debug|Any CPU.Build.0 = Debug|Any CPU
		{B698CF23-C630-493C-852F-54FAA0828C4D}.Release|Any CPU.ActiveCfg = Release|Any CPU
		{B698CF23-C630-493C-852F-54FAA0828C4D}.Release|Any CPU.Build.0 = Release|Any CPU
		{D70C2C1E-1DCA-47BC-89F9-C32494AB69BC}.Debug|Any CPU.ActiveCfg = Debug|Any CPU
		{D70C2C1E-1DCA-47BC-89F9-C32494AB69BC}.Debug|Any CPU.Build.0 = Debug|Any CPU
		{D70C2C1E-1DCA-47BC-89F9-C32494AB69BC}.Release|Any CPU.ActiveCfg = Release|Any CPU
		{D70C2C1E-1DCA-47BC-89F9-C32494AB69BC}.Release|Any CPU.Build.0 = Release|Any CPU
	EndGlobalSection
	GlobalSection(SolutionProperties) = preSolution
		HideSolutionNode = FALSE
	EndGlobalSection
	GlobalSection(ExtensibilityGlobals) = postSolution
		SolutionGuid = {1F0C3137-CDB8-4189-BFE8-AD1F6974FFCD}
	EndGlobalSection
EndGlobal
